
Microsoft Visual Studio Solution File, Format Version 12.00
# Visual Studio Version 16
VisualStudioVersion = 16.0.31313.79
MinimumVisualStudioVersion = 10.0.40219.1
Project("{FAE04EC0-301F-11D3-BF4B-00C04F79EFBC}") = "1811062988_LeDuyKhanh_Tuan3", "1811062988_LeDuyKhanh_Tuan3\1811062988_LeDuyKhanh_Tuan3.csproj", "{455F6B45-6C7D-4340-897C-BD0B464C951E}"
EndProject
Global
	GlobalSection(SolutionConfigurationPlatforms) = preSolution
		Debug|Any CPU = Debug|Any CPU
		Release|Any CPU = Release|Any CPU
	EndGlobalSection
	GlobalSection(ProjectConfigurationPlatforms) = postSolution
		{455F6B45-6C7D-4340-897C-BD0B464C951E}.Debug|Any CPU.ActiveCfg = Debug|Any CPU
		{455F6B45-6C7D-4340-897C-BD0B464C951E}.Debug|Any CPU.Build.0 = Debug|Any CPU
		{455F6B45-6C7D-4340-897C-BD0B464C951E}.Release|Any CPU.ActiveCfg = Release|Any CPU
		{455F6B45-6C7D-4340-897C-BD0B464C951E}.Release|Any CPU.Build.0 = Release|Any CPU
	EndGlobalSection
	GlobalSection(SolutionProperties) = preSolution
		HideSolutionNode = FALSE
	EndGlobalSection
	GlobalSection(ExtensibilityGlobals) = postSolution
		SolutionGuid = {F6DE4BAB-E211-47E7-8D5E-30A631E5EB6D}
	EndGlobalSection
EndGlobal
